<?xml version="1.0" encoding="utf-8"?>
<Project ToolsVersion="4.0" xmlns="http://schemas.microsoft.com/developer/msbuild/2003">
  <ItemGroup>
    <Filter Include="Source Files">
      <UniqueIdentifier>{4FC737F1-C7A5-4376-A066-2A32D752A2FF}</UniqueIdentifier>
      <Extensions>cpp;c;cc;cxx;def;odl;idl;hpj;bat;asm;asmx</Extensions>
    </Filter>
    <Filter Include="Header Files">
      <UniqueIdentifier>{93995380-89BD-4b04-88EB-625FBE52EBFB}</UniqueIdentifier>
      <Extensions>h;hh;hpp;hxx;hm;inl;inc;xsd</Extensions>
    </Filter>
    <Filter Include="Resource Files">
      <UniqueIdentifier>{67DA6AB6-F800-4c08-8B7A-83BB121AAD01}</UniqueIdentifier>
      <Extensions>rc;ico;cur;bmp;dlg;rc2;rct;bin;rgs;gif;jpg;jpeg;jpe;resx;tiff;tif;png;wav;mfcribbon-ms</Extensions>
    </Filter>
  </ItemGroup>
  <ItemGroup>
    <ClCompile Include="glUtil.cpp">
      <Filter>Source Files</Filter>
    </ClCompile>
    <ClCompile Include="main.cpp">
      <Filter>Source Files</Filter>
    </ClCompile>
    <ClCompile Include="readFile.cpp">
      <Filter>Source Files</Filter>
    </ClCompile>
    <ClCompile Include="shaderLoader.cpp">
      <Filter>Source Files</Filter>
    </ClCompile>
    <ClCompile Include="modelLoader.cpp">
      <Filter>Source Files</Filter>
    </ClCompile>
    <ClCompile Include="Shader.cpp">
      <Filter>Source Files</Filter>
    </ClCompile>
    <ClCompile Include="simplifyModel.cpp">
      <Filter>Source Files</Filter>
    </ClCompile>
    <ClCompile Include="edgeLookup.cpp">
      <Filter>Source Files</Filter>
    </ClCompile>
    <ClCompile Include="cpuImpl.cpp">
      <Filter>Source Files</Filter>
    </ClCompile>
    <ClCompile Include="vertexTypes.cpp">
      <Filter>Source Files</Filter>
    </ClCompile>
    <ClCompile Include="Font.cpp">
      <Filter>Source Files</Filter>
    </ClCompile>
    <ClCompile Include="fps_counter.cpp">
      <Filter>Source Files</Filter>
    </ClCompile>
    <ClCompile Include="queryBuffer.cpp">
      <Filter>Source Files</Filter>
    </ClCompile>
    <ClCompile Include="Sampler.cpp">
      <Filter>Source Files</Filter>
    </ClCompile>
    <ClCompile Include="Texture.cpp">
      <Filter>Source Files</Filter>
    </ClCompile>
    <ClCompile Include="doubleBuffer.cpp">
      <Filter>Source Files</Filter>
    </ClCompile>
    <ClCompile Include="Animation.cpp">
      <Filter>Source Files</Filter>
    </ClCompile>
    <ClCompile Include="CatmullRom.cpp">
      <Filter>Source Files</Filter>
    </ClCompile>
    <ClCompile Include="glObjects.cpp">
      <Filter>Source Files</Filter>
    </ClCompile>
    <ClCompile Include="Control.cpp">
      <Filter>Source Files</Filter>
    </ClCompile>
    <ClCompile Include="Animated.cpp">
      <Filter>Source Files</Filter>
    </ClCompile>
  </ItemGroup>
  <ItemGroup>
    <ClInclude Include="glUtil.h">
      <Filter>Header Files</Filter>
    </ClInclude>
    <ClInclude Include="readFile.h">
      <Filter>Header Files</Filter>
    </ClInclude>
    <ClInclude Include="shaderLoader.h">
      <Filter>Header Files</Filter>
    </ClInclude>
    <ClInclude Include="modelLoader.h">
      <Filter>Header Files</Filter>
    </ClInclude>
    <ClInclude Include="Shader.h">
      <Filter>Header Files</Filter>
    </ClInclude>
    <ClInclude Include="simplifyModel.h">
      <Filter>Header Files</Filter>
    </ClInclude>
    <ClInclude Include="edgeLookup.h">
      <Filter>Header Files</Filter>
    </ClInclude>
    <ClInclude Include="cpuImpl.h">
      <Filter>Header Files</Filter>
    </ClInclude>
    <ClInclude Include="vertexTypes.h">
      <Filter>Header Files</Filter>
    </ClInclude>
    <ClInclude Include="Font.h">
      <Filter>Header Files</Filter>
    </ClInclude>
    <ClInclude Include="fps_counter.h">
      <Filter>Header Files</Filter>
    </ClInclude>
    <ClInclude Include="queryBuffer.h">
      <Filter>Header Files</Filter>
    </ClInclude>
    <ClInclude Include="Sampler.h">
      <Filter>Header Files</Filter>
    </ClInclude>
    <ClInclude Include="Texture.h">
      <Filter>Header Files</Filter>
    </ClInclude>
    <ClInclude Include="doubleBuffer.h">
      <Filter>Header Files</Filter>
    </ClInclude>
    <ClInclude Include="Animation.h">
      <Filter>Header Files</Filter>
    </ClInclude>
    <ClInclude Include="CatmullRom.h">
      <Filter>Header Files</Filter>
    </ClInclude>
    <ClInclude Include="time_item.h">
      <Filter>Header Files</Filter>
    </ClInclude>
    <ClInclude Include="glObjects.h">
      <Filter>Header Files</Filter>
    </ClInclude>
    <ClInclude Include="Control.h">
      <Filter>Header Files</Filter>
    </ClInclude>
    <ClInclude Include="Animated.h">
      <Filter>Header Files</Filter>
    </ClInclude>
  </ItemGroup>
  <ItemGroup>
    <None Include="glsl\scene\vert.glsl">
      <Filter>Resource Files</Filter>
    </None>
    <None Include="glsl\volume-computation\compute.glsl">
      <Filter>Resource Files</Filter>
    </None>
    <None Include="glsl\scene\simple.frag">
      <Filter>Resource Files</Filter>
    </None>
    <None Include="glsl\scene\simple.vert">
      <Filter>Resource Files</Filter>
    </None>
    <None Include="glsl\scene\stencil.frag">
      <Filter>Resource Files</Filter>
    </None>
    <None Include="glsl\scene\stencil.vert">
      <Filter>Resource Files</Filter>
    </None>
    <None Include="glsl\scene\frag.glsl">
      <Filter>Resource Files</Filter>
    </None>
    <None Include="doc\config.tex" />
    <None Include="doc\gmu.tex" />
    <None Include="doc\titlepage.tex" />
    <None Include="glsl\font\FontFS.frag">
      <Filter>Resource Files</Filter>
    </None>
    <None Include="glsl\font\FontVS.vert">
      <Filter>Resource Files</Filter>
    </None>
    <None Include="glsl\scene\caster.frag">
      <Filter>Resource Files</Filter>
    </None>
    <None Include="glsl\scene\caster.vert">
      <Filter>Resource Files</Filter>
    </None>
  </ItemGroup>
  <ItemGroup>
    <Font Include="Fonts\EleganTech-.ttf" />
  </ItemGroup>
</Project>